
Microsoft Visual Studio Solution File, Format Version 12.00
# Visual Studio 2012
Project("{FAE04EC0-301F-11D3-BF4B-00C04F79EFBC}") = "01_3DPoint", "01_3DPoint\01_3DPoint.csproj", "{FF499E29-1E17-4FE8-A2C2-81387D97C853}"
EndProject
Project("{FAE04EC0-301F-11D3-BF4B-00C04F79EFBC}") = "05_GenericClass", "05_GenericClass\05_GenericClass.csproj", "{C48E363B-9D19-49F6-8121-11610EF3997A}"
EndProject
Project("{FAE04EC0-301F-11D3-BF4B-00C04F79EFBC}") = "Matrix", "Matrix\Matrix.csproj", "{2481CFF5-78C6-42D8-96DD-FE640A86989E}"
EndProject
Global
	GlobalSection(SolutionConfigurationPlatforms) = preSolution
		Debug|Any CPU = Debug|Any CPU
		Release|Any CPU = Release|Any CPU
	EndGlobalSection
	GlobalSection(ProjectConfigurationPlatforms) = postSolution
		{FF499E29-1E17-4FE8-A2C2-81387D97C853}.Debug|Any CPU.ActiveCfg = Debug|Any CPU
		{FF499E29-1E17-4FE8-A2C2-81387D97C853}.Debug|Any CPU.Build.0 = Debug|Any CPU
		{FF499E29-1E17-4FE8-A2C2-81387D97C853}.Release|Any CPU.ActiveCfg = Release|Any CPU
		{FF499E29-1E17-4FE8-A2C2-81387D97C853}.Release|Any CPU.Build.0 = Release|Any CPU
		{C48E363B-9D19-49F6-8121-11610EF3997A}.Debug|Any CPU.ActiveCfg = Debug|Any CPU
		{C48E363B-9D19-49F6-8121-11610EF3997A}.Debug|Any CPU.Build.0 = Debug|Any CPU
		{C48E363B-9D19-49F6-8121-11610EF3997A}.Release|Any CPU.ActiveCfg = Release|Any CPU
		{C48E363B-9D19-49F6-8121-11610EF3997A}.Release|Any CPU.Build.0 = Release|Any CPU
		{2481CFF5-78C6-42D8-96DD-FE640A86989E}.Debug|Any CPU.ActiveCfg = Debug|Any CPU
		{2481CFF5-78C6-42D8-96DD-FE640A86989E}.Debug|Any CPU.Build.0 = Debug|Any CPU
		{2481CFF5-78C6-42D8-96DD-FE640A86989E}.Release|Any CPU.ActiveCfg = Release|Any CPU
		{2481CFF5-78C6-42D8-96DD-FE640A86989E}.Release|Any CPU.Build.0 = Release|Any CPU
	EndGlobalSection
	GlobalSection(SolutionProperties) = preSolution
		HideSolutionNode = FALSE
	EndGlobalSection
EndGlobal
